
Microsoft Visual Studio Solution File, Format Version 12.00
# Visual Studio 15
VisualStudioVersion = 15.0.28307.757
MinimumVisualStudioVersion = 10.0.40219.1
Project("{FAE04EC0-301F-11D3-BF4B-00C04F79EFBC}") = "ContosoUniversity", "ContosoUniversity\ContosoUniversity.csproj", "{CA708A21-48E1-4108-956C-F4B4D3E1A832}"
EndProject
Global
	GlobalSection(SolutionConfigurationPlatforms) = preSolution
		Debug|Any CPU = Debug|Any CPU
		Release|Any CPU = Release|Any CPU
	EndGlobalSection
	GlobalSection(ProjectConfigurationPlatforms) = postSolution
		{CA708A21-48E1-4108-956C-F4B4D3E1A832}.Debug|Any CPU.ActiveCfg = Debug|Any CPU
		{CA708A21-48E1-4108-956C-F4B4D3E1A832}.Debug|Any CPU.Build.0 = Debug|Any CPU
		{CA708A21-48E1-4108-956C-F4B4D3E1A832}.Release|Any CPU.ActiveCfg = Release|Any CPU
		{CA708A21-48E1-4108-956C-F4B4D3E1A832}.Release|Any CPU.Build.0 = Release|Any CPU
	EndGlobalSection
	GlobalSection(SolutionProperties) = preSolution
		HideSolutionNode = FALSE
	EndGlobalSection
	GlobalSection(ExtensibilityGlobals) = postSolution
		SolutionGuid = {21FF4687-5757-4DC5-9723-1D00C1D47F69}
	EndGlobalSection
EndGlobal
